
Microsoft Visual Studio Solution File, Format Version 12.00
# Visual Studio Version 17
VisualStudioVersion = 17.9.34723.18
MinimumVisualStudioVersion = 10.0.40219.1
Project("{FAE04EC0-301F-11D3-BF4B-00C04F79EFBC}") = "ContactsApp", "ContactsApp\ContactsApp.csproj", "{856ADA39-FE64-4236-B961-2DF5033EC5CE}"
EndProject
Global
	GlobalSection(SolutionConfigurationPlatforms) = preSolution
		Debug|Any CPU = Debug|Any CPU
		Release|Any CPU = Release|Any CPU
	EndGlobalSection
	GlobalSection(ProjectConfigurationPlatforms) = postSolution
		{856ADA39-FE64-4236-B961-2DF5033EC5CE}.Debug|Any CPU.ActiveCfg = Debug|Any CPU
		{856ADA39-FE64-4236-B961-2DF5033EC5CE}.Debug|Any CPU.Build.0 = Debug|Any CPU
		{856ADA39-FE64-4236-B961-2DF5033EC5CE}.Release|Any CPU.ActiveCfg = Release|Any CPU
		{856ADA39-FE64-4236-B961-2DF5033EC5CE}.Release|Any CPU.Build.0 = Release|Any CPU
	EndGlobalSection
	GlobalSection(SolutionProperties) = preSolution
		HideSolutionNode = FALSE
	EndGlobalSection
	GlobalSection(ExtensibilityGlobals) = postSolution
		SolutionGuid = {63FA346F-AE15-4CA4-9456-34917BADEB78}
	EndGlobalSection
EndGlobal
