
Microsoft Visual Studio Solution File, Format Version 12.00
# Visual Studio Version 17
VisualStudioVersion = 17.9.34723.18
MinimumVisualStudioVersion = 10.0.40219.1
Project("{FAE04EC0-301F-11D3-BF4B-00C04F79EFBC}") = "ContactsAppUI", "ContactsAppUI\ContactsAppUI.csproj", "{9C732607-B26F-4882-B08D-C88489D54033}"
EndProject
Project("{FAE04EC0-301F-11D3-BF4B-00C04F79EFBC}") = "ContactsApp", "ContactsApp\ContactsApp.csproj", "{7306CE0A-2B4D-431D-8FBE-4332DD0CB555}"
EndProject
Project("{FAE04EC0-301F-11D3-BF4B-00C04F79EFBC}") = "ContactsApp.UnitTests", "ContactsApp.UnitTests\ContactsApp.UnitTests.csproj", "{F03A8685-03CB-4F8A-BCF0-55CE8850FB4B}"
EndProject
Global
	GlobalSection(SolutionConfigurationPlatforms) = preSolution
		Debug|Any CPU = Debug|Any CPU
		Release|Any CPU = Release|Any CPU
	EndGlobalSection
	GlobalSection(ProjectConfigurationPlatforms) = postSolution
		{9C732607-B26F-4882-B08D-C88489D54033}.Debug|Any CPU.ActiveCfg = Debug|Any CPU
		{9C732607-B26F-4882-B08D-C88489D54033}.Debug|Any CPU.Build.0 = Debug|Any CPU
		{9C732607-B26F-4882-B08D-C88489D54033}.Release|Any CPU.ActiveCfg = Release|Any CPU
		{9C732607-B26F-4882-B08D-C88489D54033}.Release|Any CPU.Build.0 = Release|Any CPU
		{7306CE0A-2B4D-431D-8FBE-4332DD0CB555}.Debug|Any CPU.ActiveCfg = Debug|Any CPU
		{7306CE0A-2B4D-431D-8FBE-4332DD0CB555}.Debug|Any CPU.Build.0 = Debug|Any CPU
		{7306CE0A-2B4D-431D-8FBE-4332DD0CB555}.Release|Any CPU.ActiveCfg = Release|Any CPU
		{7306CE0A-2B4D-431D-8FBE-4332DD0CB555}.Release|Any CPU.Build.0 = Release|Any CPU
		{F03A8685-03CB-4F8A-BCF0-55CE8850FB4B}.Debug|Any CPU.ActiveCfg = Debug|Any CPU
		{F03A8685-03CB-4F8A-BCF0-55CE8850FB4B}.Debug|Any CPU.Build.0 = Debug|Any CPU
		{F03A8685-03CB-4F8A-BCF0-55CE8850FB4B}.Release|Any CPU.ActiveCfg = Release|Any CPU
		{F03A8685-03CB-4F8A-BCF0-55CE8850FB4B}.Release|Any CPU.Build.0 = Release|Any CPU
	EndGlobalSection
	GlobalSection(SolutionProperties) = preSolution
		HideSolutionNode = FALSE
	EndGlobalSection
	GlobalSection(ExtensibilityGlobals) = postSolution
		SolutionGuid = {9E7F734D-E378-41F6-8D6C-1F9A5F1E460C}
	EndGlobalSection
EndGlobal
