
Microsoft Visual Studio Solution File, Format Version 12.00
# Visual Studio Version 17
VisualStudioVersion = 17.9.34723.18
MinimumVisualStudioVersion = 10.0.40219.1
Project("{FAE04EC0-301F-11D3-BF4B-00C04F79EFBC}") = "ContactsAppUI", "ContactsAppUI\ContactsAppUI.csproj", "{A11B6086-FE29-4370-BB14-91AC58A6E646}"
EndProject
Project("{FAE04EC0-301F-11D3-BF4B-00C04F79EFBC}") = "ContactsApp", "..\ContactsApp\ContactsApp.csproj", "{B18117D3-BBE8-4640-A238-764F099C849D}"
EndProject
Global
	GlobalSection(SolutionConfigurationPlatforms) = preSolution
		Debug|Any CPU = Debug|Any CPU
		Release|Any CPU = Release|Any CPU
	EndGlobalSection
	GlobalSection(ProjectConfigurationPlatforms) = postSolution
		{A11B6086-FE29-4370-BB14-91AC58A6E646}.Debug|Any CPU.ActiveCfg = Debug|Any CPU
		{A11B6086-FE29-4370-BB14-91AC58A6E646}.Debug|Any CPU.Build.0 = Debug|Any CPU
		{A11B6086-FE29-4370-BB14-91AC58A6E646}.Release|Any CPU.ActiveCfg = Release|Any CPU
		{A11B6086-FE29-4370-BB14-91AC58A6E646}.Release|Any CPU.Build.0 = Release|Any CPU
		{B18117D3-BBE8-4640-A238-764F099C849D}.Debug|Any CPU.ActiveCfg = Debug|Any CPU
		{B18117D3-BBE8-4640-A238-764F099C849D}.Debug|Any CPU.Build.0 = Debug|Any CPU
		{B18117D3-BBE8-4640-A238-764F099C849D}.Release|Any CPU.ActiveCfg = Release|Any CPU
		{B18117D3-BBE8-4640-A238-764F099C849D}.Release|Any CPU.Build.0 = Release|Any CPU
	EndGlobalSection
	GlobalSection(SolutionProperties) = preSolution
		HideSolutionNode = FALSE
	EndGlobalSection
	GlobalSection(ExtensibilityGlobals) = postSolution
		SolutionGuid = {B0E464C4-3A55-4D4E-92E5-955120874F5C}
	EndGlobalSection
EndGlobal
